
Microsoft Visual Studio Solution File, Format Version 12.00
# Visual Studio Version 16
VisualStudioVersion = 16.0.30517.126
MinimumVisualStudioVersion = 10.0.40219.1
Project("{FAE04EC0-301F-11D3-BF4B-00C04F79EFBC}") = "MovieApi", "MovieApi\MovieApi.csproj", "{FC385A01-7210-4716-8408-C1987120080C}"
EndProject
Global
	GlobalSection(SolutionConfigurationPlatforms) = preSolution
		Debug|Any CPU = Debug|Any CPU
		Release|Any CPU = Release|Any CPU
	EndGlobalSection
	GlobalSection(ProjectConfigurationPlatforms) = postSolution
		{FC385A01-7210-4716-8408-C1987120080C}.Debug|Any CPU.ActiveCfg = Debug|Any CPU
		{FC385A01-7210-4716-8408-C1987120080C}.Debug|Any CPU.Build.0 = Debug|Any CPU
		{FC385A01-7210-4716-8408-C1987120080C}.Release|Any CPU.ActiveCfg = Release|Any CPU
		{FC385A01-7210-4716-8408-C1987120080C}.Release|Any CPU.Build.0 = Release|Any CPU
	EndGlobalSection
	GlobalSection(SolutionProperties) = preSolution
		HideSolutionNode = FALSE
	EndGlobalSection
	GlobalSection(ExtensibilityGlobals) = postSolution
		SolutionGuid = {5B61D63B-5FB5-4E15-A07C-611EA1B7343B}
	EndGlobalSection
EndGlobal
